
Microsoft Visual Studio Solution File, Format Version 12.00
# Visual Studio 15
VisualStudioVersion = 15.0.28307.779
MinimumVisualStudioVersion = 10.0.40219.1
Project("{FAE04EC0-301F-11D3-BF4B-00C04F79EFBC}") = "3lop", "3lop\3lop.csproj", "{B223920B-92EC-446F-82DF-4D8933D49E1D}"
EndProject
Global
	GlobalSection(SolutionConfigurationPlatforms) = preSolution
		Debug|Any CPU = Debug|Any CPU
		Release|Any CPU = Release|Any CPU
	EndGlobalSection
	GlobalSection(ProjectConfigurationPlatforms) = postSolution
		{B223920B-92EC-446F-82DF-4D8933D49E1D}.Debug|Any CPU.ActiveCfg = Debug|Any CPU
		{B223920B-92EC-446F-82DF-4D8933D49E1D}.Debug|Any CPU.Build.0 = Debug|Any CPU
		{B223920B-92EC-446F-82DF-4D8933D49E1D}.Release|Any CPU.ActiveCfg = Release|Any CPU
		{B223920B-92EC-446F-82DF-4D8933D49E1D}.Release|Any CPU.Build.0 = Release|Any CPU
	EndGlobalSection
	GlobalSection(SolutionProperties) = preSolution
		HideSolutionNode = FALSE
	EndGlobalSection
	GlobalSection(ExtensibilityGlobals) = postSolution
		SolutionGuid = {6EF1F710-018D-499C-9963-C072CC15CB7C}
	EndGlobalSection
EndGlobal
